// !$*UTF8*$!
{
	archiveVersion = 1;
	classes = {
	};
	objectVersion = 50;
	objects = {

/* Begin PBXBuildFile section */
		7F25824824133B110073107F /* RecordingsList.swift in Sources */ = {isa = PBXBuildFile; fileRef = 7F25824724133B110073107F /* RecordingsList.swift */; };
		7F25824A2413577C0073107F /* Extensions.swift in Sources */ = {isa = PBXBuildFile; fileRef = 7F2582492413577C0073107F /* Extensions.swift */; };
		7F25824C24135B640073107F /* RecordingDataModel.swift in Sources */ = {isa = PBXBuildFile; fileRef = 7F25824B24135B640073107F /* RecordingDataModel.swift */; };
		7F25824E24135D290073107F /* Helper.swift in Sources */ = {isa = PBXBuildFile; fileRef = 7F25824D24135D290073107F /* Helper.swift */; };
		7F8CFE052410B95600669BE5 /* AppDelegate.swift in Sources */ = {isa = PBXBuildFile; fileRef = 7F8CFE042410B95600669BE5 /* AppDelegate.swift */; };
		7F8CFE072410B95600669BE5 /* SceneDelegate.swift in Sources */ = {isa = PBXBuildFile; fileRef = 7F8CFE062410B95600669BE5 /* SceneDelegate.swift */; };
		7F8CFE092410B95600669BE5 /* ContentView.swift in Sources */ = {isa = PBXBuildFile; fileRef = 7F8CFE082410B95600669BE5 /* ContentView.swift */; };
		7F8CFE0B2410B95800669BE5 /* Assets.xcassets in Resources */ = {isa = PBXBuildFile; fileRef = 7F8CFE0A2410B95800669BE5 /* Assets.xcassets */; };
		7F8CFE0E2410B95800669BE5 /* Preview Assets.xcassets in Resources */ = {isa = PBXBuildFile; fileRef = 7F8CFE0D2410B95800669BE5 /* Preview Assets.xcassets */; };
		7F8CFE112410B95800669BE5 /* LaunchScreen.storyboard in Resources */ = {isa = PBXBuildFile; fileRef = 7F8CFE0F2410B95800669BE5 /* LaunchScreen.storyboard */; };
		7F8CFE192410BBA700669BE5 /* AudioRecorder.swift in Sources */ = {isa = PBXBuildFile; fileRef = 7F8CFE182410BBA700669BE5 /* AudioRecorder.swift */; };
		7FBD1B312414BF2900F5C450 /* AudioPlayer.swift in Sources */ = {isa = PBXBuildFile; fileRef = 7FBD1B302414BF2900F5C450 /* AudioPlayer.swift */; };
/* End PBXBuildFile section */

/* Begin PBXFileReference section */
		7F25824724133B110073107F /* RecordingsList.swift */ = {isa = PBXFileReference; lastKnownFileType = sourcecode.swift; path = RecordingsList.swift; sourceTree = "<group>"; };
		7F2582492413577C0073107F /* Extensions.swift */ = {isa = PBXFileReference; lastKnownFileType = sourcecode.swift; path = Extensions.swift; sourceTree = "<group>"; };
		7F25824B24135B640073107F /* RecordingDataModel.swift */ = {isa = PBXFileReference; lastKnownFileType = sourcecode.swift; path = RecordingDataModel.swift; sourceTree = "<group>"; };
		7F25824D24135D290073107F /* Helper.swift */ = {isa = PBXFileReference; lastKnownFileType = sourcecode.swift; path = Helper.swift; sourceTree = "<group>"; };
		7F8CFE012410B95600669BE5 /* VoiceRecorderSwiftUI.app */ = {isa = PBXFileReference; explicitFileType = wrapper.application; includeInIndex = 0; path = VoiceRecorderSwiftUI.app; sourceTree = BUILT_PRODUCTS_DIR; };
		7F8CFE042410B95600669BE5 /* AppDelegate.swift */ = {isa = PBXFileReference; lastKnownFileType = sourcecode.swift; path = AppDelegate.swift; sourceTree = "<group>"; };
		7F8CFE062410B95600669BE5 /* SceneDelegate.swift */ = {isa = PBXFileReference; lastKnownFileType = sourcecode.swift; path = SceneDelegate.swift; sourceTree = "<group>"; };
		7F8CFE082410B95600669BE5 /* ContentView.swift */ = {isa = PBXFileReference; lastKnownFileType = sourcecode.swift; path = ContentView.swift; sourceTree = "<group>"; };
		7F8CFE0A2410B95800669BE5 /* Assets.xcassets */ = {isa = PBXFileReference; lastKnownFileType = folder.assetcatalog; path = Assets.xcassets; sourceTree = "<group>"; };
		7F8CFE0D2410B95800669BE5 /* Preview Assets.xcassets */ = {isa = PBXFileReference; lastKnownFileType = folder.assetcatalog; path = "Preview Assets.xcassets"; sourceTree = "<group>"; };
		7F8CFE102410B95800669BE5 /* Base */ = {isa = PBXFileReference; lastKnownFileType = file.storyboard; name = Base; path = Base.lproj/LaunchScreen.storyboard; sourceTree = "<group>"; };
		7F8CFE122410B95800669BE5 /* Info.plist */ = {isa = PBXFileReference; lastKnownFileType = text.plist.xml; path = Info.plist; sourceTree = "<group>"; };
		7F8CFE182410BBA700669BE5 /* AudioRecorder.swift */ = {isa = PBXFileReference; lastKnownFileType = sourcecode.swift; path = AudioRecorder.swift; sourceTree = "<group>"; };
		7FBD1B302414BF2900F5C450 /* AudioPlayer.swift */ = {isa = PBXFileReference; lastKnownFileType = sourcecode.swift; path = AudioPlayer.swift; sourceTree = "<group>"; };
/* End PBXFileReference section */

/* Begin PBXFrameworksBuildPhase section */
		7F8CFDFE2410B95600669BE5 /* Frameworks */ = {
			isa = PBXFrameworksBuildPhase;
			buildActionMask = 2147483647;
			files = (
			);
			runOnlyForDeploymentPostprocessing = 0;
		};
/* End PBXFrameworksBuildPhase section */

/* Begin PBXGroup section */
		7F8CFDF82410B95600669BE5 = {
			isa = PBXGroup;
			children = (
				7F8CFE032410B95600669BE5 /* VoiceRecorderSwiftUI */,
				7F8CFE022410B95600669BE5 /* Products */,
			);
			sourceTree = "<group>";
		};
		7F8CFE022410B95600669BE5 /* Products */ = {
			isa = PBXGroup;
			children = (
				7F8CFE012410B95600669BE5 /* VoiceRecorderSwiftUI.app */,
			);
			name = Products;
			sourceTree = "<group>";
		};
		7F8CFE032410B95600669BE5 /* VoiceRecorderSwiftUI */ = {
			isa = PBXGroup;
			children = (
				7FBD1B2F2414BEDE00F5C450 /* AudioPlayer */,
				7F8CFE042410B95600669BE5 /* AppDelegate.swift */,
				7F8CFE062410B95600669BE5 /* SceneDelegate.swift */,
				7F8CFE082410B95600669BE5 /* ContentView.swift */,
				7F8CFE0A2410B95800669BE5 /* Assets.xcassets */,
				7F8CFE0F2410B95800669BE5 /* LaunchScreen.storyboard */,
				7F8CFE122410B95800669BE5 /* Info.plist */,
				7F8CFE0C2410B95800669BE5 /* Preview Content */,
				7F8CFE182410BBA700669BE5 /* AudioRecorder.swift */,
				7F25824724133B110073107F /* RecordingsList.swift */,
				7F2582492413577C0073107F /* Extensions.swift */,
				7F25824B24135B640073107F /* RecordingDataModel.swift */,
				7F25824D24135D290073107F /* Helper.swift */,
			);
			path = VoiceRecorderSwiftUI;
			sourceTree = "<group>";
		};
		7F8CFE0C2410B95800669BE5 /* Preview Content */ = {
			isa = PBXGroup;
			children = (
				7F8CFE0D2410B95800669BE5 /* Preview Assets.xcassets */,
			);
			path = "Preview Content";
			sourceTree = "<group>";
		};
		7FBD1B2F2414BEDE00F5C450 /* AudioPlayer */ = {
			isa = PBXGroup;
			children = (
				7FBD1B302414BF2900F5C450 /* AudioPlayer.swift */,
			);
			path = AudioPlayer;
			sourceTree = "<group>";
		};
/* End PBXGroup section */

/* Begin PBXNativeTarget section */
		7F8CFE002410B95600669BE5 /* VoiceRecorderSwiftUI */ = {
			isa = PBXNativeTarget;
			buildConfigurationList = 7F8CFE152410B95800669BE5 /* Build configuration list for PBXNativeTarget "VoiceRecorderSwiftUI" */;
			buildPhases = (
				7F8CFDFD2410B95600669BE5 /* Sources */,
				7F8CFDFE2410B95600669BE5 /* Frameworks */,
				7F8CFDFF2410B95600669BE5 /* Resources */,
			);
			buildRules = (
			);
			dependencies = (
			);
			name = VoiceRecorderSwiftUI;
			productName = VoiceRecorderSwiftUI;
			productReference = 7F8CFE012410B95600669BE5 /* VoiceRecorderSwiftUI.app */;
			productType = "com.apple.product-type.application";
		};
/* End PBXNativeTarget section */

/* Begin PBXProject section */
		7F8CFDF92410B95600669BE5 /* Project object */ = {
			isa = PBXProject;
			attributes = {
				LastSwiftUpdateCheck = 1120;
				LastUpgradeCheck = 1120;
				ORGANIZATIONNAME = isctorres;
				TargetAttributes = {
					7F8CFE002410B95600669BE5 = {
						CreatedOnToolsVersion = 11.2.1;
					};
				};
			};
			buildConfigurationList = 7F8CFDFC2410B95600669BE5 /* Build configuration list for PBXProject "VoiceRecorderSwiftUI" */;
			compatibilityVersion = "Xcode 9.3";
			developmentRegion = en;
			hasScannedForEncodings = 0;
			knownRegions = (
				en,
				Base,
			);
			mainGroup = 7F8CFDF82410B95600669BE5;
			productRefGroup = 7F8CFE022410B95600669BE5 /* Products */;
			projectDirPath = "";
			projectRoot = "";
			targets = (
				7F8CFE002410B95600669BE5 /* VoiceRecorderSwiftUI */,
			);
		};
/* End PBXProject section */

/* Begin PBXResourcesBuildPhase section */
		7F8CFDFF2410B95600669BE5 /* Resources */ = {
			isa = PBXResourcesBuildPhase;
			buildActionMask = 2147483647;
			files = (
				7F8CFE112410B95800669BE5 /* LaunchScreen.storyboard in Resources */,
				7F8CFE0E2410B95800669BE5 /* Preview Assets.xcassets in Resources */,
				7F8CFE0B2410B95800669BE5 /* Assets.xcassets in Resources */,
			);
			runOnlyForDeploymentPostprocessing = 0;
		};
/* End PBXResourcesBuildPhase section */

/* Begin PBXSourcesBuildPhase section */
		7F8CFDFD2410B95600669BE5 /* Sources */ = {
			isa = PBXSourcesBuildPhase;
			buildActionMask = 2147483647;
			files = (
				7F8CFE052410B95600669BE5 /* AppDelegate.swift in Sources */,
				7F25824A2413577C0073107F /* Extensions.swift in Sources */,
				7FBD1B312414BF2900F5C450 /* AudioPlayer.swift in Sources */,
				7F25824C24135B640073107F /* RecordingDataModel.swift in Sources */,
				7F8CFE072410B95600669BE5 /* SceneDelegate.swift in Sources */,
				7F25824824133B110073107F /* RecordingsList.swift in Sources */,
				7F8CFE192410BBA700669BE5 /* AudioRecorder.swift in Sources */,
				7F8CFE092410B95600669BE5 /* ContentView.swift in Sources */,
				7F25824E24135D290073107F /* Helper.swift in Sources */,
			);
			runOnlyForDeploymentPostprocessing = 0;
		};
/* End PBXSourcesBuildPhase section */

/* Begin PBXVariantGroup section */
		7F8CFE0F2410B95800669BE5 /* LaunchScreen.storyboard */ = {
			isa = PBXVariantGroup;
			children = (
				7F8CFE102410B95800669BE5 /* Base */,
			);
			name = LaunchScreen.storyboard;
			sourceTree = "<group>";
		};
/* End PBXVariantGroup section */

/* Begin XCBuildConfiguration section */
		7F8CFE132410B95800669BE5 /* Debug */ = {
			isa = XCBuildConfiguration;
			buildSettings = {
				ALWAYS_SEARCH_USER_PATHS = NO;
				CLANG_ANALYZER_NONNULL = YES;
				CLANG_ANALYZER_NUMBER_OBJECT_CONVERSION = YES_AGGRESSIVE;
				CLANG_CXX_LANGUAGE_STANDARD = "gnu++14";
				CLANG_CXX_LIBRARY = "libc++";
				CLANG_ENABLE_MODULES = YES;
				CLANG_ENABLE_OBJC_ARC = YES;
				CLANG_ENABLE_OBJC_WEAK = YES;
				CLANG_WARN_BLOCK_CAPTURE_AUTORELEASING = YES;
				CLANG_WARN_BOOL_CONVERSION = YES;
				CLANG_WARN_COMMA = YES;
				CLANG_WARN_CONSTANT_CONVERSION = YES;
				CLANG_WARN_DEPRECATED_OBJC_IMPLEMENTATIONS = YES;
				CLANG_WARN_DIRECT_OBJC_ISA_USAGE = YES_ERROR;
				CLANG_WARN_DOCUMENTATION_COMMENTS = YES;
				CLANG_WARN_EMPTY_BODY = YES;
				CLANG_WARN_ENUM_CONVERSION = YES;
				CLANG_WARN_INFINITE_RECURSION = YES;
				CLANG_WARN_INT_CONVERSION = YES;
				CLANG_WARN_NON_LITERAL_NULL_CONVERSION = YES;
				CLANG_WARN_OBJC_IMPLICIT_RETAIN_SELF = YES;
				CLANG_WARN_OBJC_LITERAL_CONVERSION = YES;
				CLANG_WARN_OBJC_ROOT_CLASS = YES_ERROR;
				CLANG_WARN_RANGE_LOOP_ANALYSIS = YES;
				CLANG_WARN_STRICT_PROTOTYPES = YES;
				CLANG_WARN_SUSPICIOUS_MOVE = YES;
				CLANG_WARN_UNGUARDED_AVAILABILITY = YES_AGGRESSIVE;
				CLANG_WARN_UNREACHABLE_CODE = YES;
				CLANG_WARN__DUPLICATE_METHOD_MATCH = YES;
				COPY_PHASE_STRIP = NO;
				DEBUG_INFORMATION_FORMAT = dwarf;
				ENABLE_STRICT_OBJC_MSGSEND = YES;
				ENABLE_TESTABILITY = YES;
				GCC_C_LANGUAGE_STANDARD = gnu11;
				GCC_DYNAMIC_NO_PIC = NO;
				GCC_NO_COMMON_BLOCKS = YES;
				GCC_OPTIMIZATION_LEVEL = 0;
				GCC_PREPROCESSOR_DEFINITIONS = (
					"DEBUG=1",
					"$(inherited)",
				);
				GCC_WARN_64_TO_32_BIT_CONVERSION = YES;
				GCC_WARN_ABOUT_RETURN_TYPE = YES_ERROR;
				GCC_WARN_UNDECLARED_SELECTOR = YES;
				GCC_WARN_UNINITIALIZED_AUTOS = YES_AGGRESSIVE;
				GCC_WARN_UNUSED_FUNCTION = YES;
				GCC_WARN_UNUSED_VARIABLE = YES;
				IPHONEOS_DEPLOYMENT_TARGET = 13.2;
				MTL_ENABLE_DEBUG_INFO = INCLUDE_SOURCE;
				MTL_FAST_MATH = YES;
				ONLY_ACTIVE_ARCH = YES;
				SDKROOT = iphoneos;
				SWIFT_ACTIVE_COMPILATION_CONDITIONS = DEBUG;
				SWIFT_OPTIMIZATION_LEVEL = "-Onone";
			};
			name = Debug;
		};
		7F8CFE142410B95800669BE5 /* Release */ = {
			isa = XCBuildConfiguration;
			buildSettings = {
				ALWAYS_SEARCH_USER_PATHS = NO;
				CLANG_ANALYZER_NONNULL = YES;
				CLANG_ANALYZER_NUMBER_OBJECT_CONVERSION = YES_AGGRESSIVE;
				CLANG_CXX_LANGUAGE_STANDARD = "gnu++14";
				CLANG_CXX_LIBRARY = "libc++";
				CLANG_ENABLE_MODULES = YES;
				CLANG_ENABLE_OBJC_ARC = YES;
				CLANG_ENABLE_OBJC_WEAK = YES;
				CLANG_WARN_BLOCK_CAPTURE_AUTORELEASING = YES;
				CLANG_WARN_BOOL_CONVERSION = YES;
				CLANG_WARN_COMMA = YES;
				CLANG_WARN_CONSTANT_CONVERSION = YES;
				CLANG_WARN_DEPRECATED_OBJC_IMPLEMENTATIONS = YES;
				CLANG_WARN_DIRECT_OBJC_ISA_USAGE = YES_ERROR;
				CLANG_WARN_DOCUMENTATION_COMMENTS = YES;
				CLANG_WARN_EMPTY_BODY = YES;
				CLANG_WARN_ENUM_CONVERSION = YES;
				CLANG_WARN_INFINITE_RECURSION = YES;
				CLANG_WARN_INT_CONVERSION = YES;
				CLANG_WARN_NON_LITERAL_NULL_CONVERSION = YES;
				CLANG_WARN_OBJC_IMPLICIT_RETAIN_SELF = YES;
				CLANG_WARN_OBJC_LITERAL_CONVERSION = YES;
				CLANG_WARN_OBJC_ROOT_CLASS = YES_ERROR;
				CLANG_WARN_RANGE_LOOP_ANALYSIS = YES;
				CLANG_WARN_STRICT_PROTOTYPES = YES;
				CLANG_WARN_SUSPICIOUS_MOVE = YES;
				CLANG_WARN_UNGUARDED_AVAILABILITY = YES_AGGRESSIVE;
				CLANG_WARN_UNREACHABLE_CODE = YES;
				CLANG_WARN__DUPLICATE_METHOD_MATCH = YES;
				COPY_PHASE_STRIP = NO;
				DEBUG_INFORMATION_FORMAT = "dwarf-with-dsym";
				ENABLE_NS_ASSERTIONS = NO;
				ENABLE_STRICT_OBJC_MSGSEND = YES;
				GCC_C_LANGUAGE_STANDARD = gnu11;
				GCC_NO_COMMON_BLOCKS = YES;
				GCC_WARN_64_TO_32_BIT_CONVERSION = YES;
				GCC_WARN_ABOUT_RETURN_TYPE = YES_ERROR;
				GCC_WARN_UNDECLARED_SELECTOR = YES;
				GCC_WARN_UNINITIALIZED_AUTOS = YES_AGGRESSIVE;
				GCC_WARN_UNUSED_FUNCTION = YES;
				GCC_WARN_UNUSED_VARIABLE = YES;
				IPHONEOS_DEPLOYMENT_TARGET = 13.2;
				MTL_ENABLE_DEBUG_INFO = NO;
				MTL_FAST_MATH = YES;
				SDKROOT = iphoneos;
				SWIFT_COMPILATION_MODE = wholemodule;
				SWIFT_OPTIMIZATION_LEVEL = "-O";
				VALIDATE_PRODUCT = YES;
			};
			name = Release;
		};
		7F8CFE162410B95800669BE5 /* Debug */ = {
			isa = XCBuildConfiguration;
			buildSettings = {
				ASSETCATALOG_COMPILER_APPICON_NAME = AppIcon;
				CODE_SIGN_STYLE = Automatic;
				DEVELOPMENT_ASSET_PATHS = "\"VoiceRecorderSwiftUI/Preview Content\"";
				DEVELOPMENT_TEAM = FV5F6565U9;
				ENABLE_PREVIEWS = YES;
				INFOPLIST_FILE = VoiceRecorderSwiftUI/Info.plist;
				LD_RUNPATH_SEARCH_PATHS = (
					"$(inherited)",
					"@executable_path/Frameworks",
				);
				PRODUCT_BUNDLE_IDENTIFIER = cc.isctorres.VoiceRecorderSwiftUI;
				PRODUCT_NAME = "$(TARGET_NAME)";
				SWIFT_VERSION = 5.0;
				TARGETED_DEVICE_FAMILY = "1,2";
			};
			name = Debug;
		};
		7F8CFE172410B95800669BE5 /* Release */ = {
			isa = XCBuildConfiguration;
			buildSettings = {
				ASSETCATALOG_COMPILER_APPICON_NAME = AppIcon;
				CODE_SIGN_STYLE = Automatic;
				DEVELOPMENT_ASSET_PATHS = "\"VoiceRecorderSwiftUI/Preview Content\"";
				DEVELOPMENT_TEAM = FV5F6565U9;
				ENABLE_PREVIEWS = YES;
				INFOPLIST_FILE = VoiceRecorderSwiftUI/Info.plist;
				LD_RUNPATH_SEARCH_PATHS = (
					"$(inherited)",
					"@executable_path/Frameworks",
				);
				PRODUCT_BUNDLE_IDENTIFIER = cc.isctorres.VoiceRecorderSwiftUI;
				PRODUCT_NAME = "$(TARGET_NAME)";
				SWIFT_VERSION = 5.0;
				TARGETED_DEVICE_FAMILY = "1,2";
			};
			name = Release;
		};
/* End XCBuildConfiguration section */

/* Begin XCConfigurationList section */
		7F8CFDFC2410B95600669BE5 /* Build configuration list for PBXProject "VoiceRecorderSwiftUI" */ = {
			isa = XCConfigurationList;
			buildConfigurations = (
				7F8CFE132410B95800669BE5 /* Debug */,
				7F8CFE142410B95800669BE5 /* Release */,
			);
			defaultConfigurationIsVisible = 0;
			defaultConfigurationName = Release;
		};
		7F8CFE152410B95800669BE5 /* Build configuration list for PBXNativeTarget "VoiceRecorderSwiftUI" */ = {
			isa = XCConfigurationList;
			buildConfigurations = (
				7F8CFE162410B95800669BE5 /* Debug */,
				7F8CFE172410B95800669BE5 /* Release */,
			);
			defaultConfigurationIsVisible = 0;
			defaultConfigurationName = Release;
		};
/* End XCConfigurationList section */
	};
	rootObject = 7F8CFDF92410B95600669BE5 /* Project object */;
}
